{
	"name": "cloudinary-sample",
	"version": "0.0.1",
	"lockfileVersion": 3,
	"requires": true,
	"packages": {
		"": {
			"name": "cloudinary-sample",
			"version": "0.0.1",
			"dependencies": {
				"svelte-cloudinary": "^1.1.1"
			},
			"devDependencies": {
				"@fontsource/poppins": "^5.0.8",
				"@neoconfetti/svelte": "^1.0.0",
				"@sveltejs/adapter-auto": "^2.0.0",
				"@sveltejs/kit": "^1.20.4",
				"svelte": "^4.0.5",
				"vite": "^4.4.2"
			}
		},
		"node_modules/@ampproject/remapping": {
			"version": "2.2.1",
			"resolved": "https://registry.npmjs.org/@ampproject/remapping/-/remapping-2.2.1.tgz",
			"integrity": "sha512-lFMjJTrFL3j7L9yBxwYfCq2k6qqwHyzuUl/XBnif78PWTJYyL/dfowQHWE3sp6U6ZzqWiiIZnpTMO96zhkjwtg==",
			"dependencies": {
				"@jridgewell/gen-mapping": "^0.3.0",
				"@jridgewell/trace-mapping": "^0.3.9"
			},
			"engines": {
				"node": ">=6.0.0"
			}
		},
		"node_modules/@cloudinary-util/url-loader": {
			"version": "3.9.0",
			"resolved": "https://registry.npmjs.org/@cloudinary-util/url-loader/-/url-loader-3.9.0.tgz",
			"integrity": "sha512-DJiu+a3Mr2GEyjAo4Gy2KWX0YoXoP0CFp2jvw8+3gJj7wvmIb7mcjRk1yHSGIyJcolb0uR+tWGO6KVhStpreMg==",
			"dependencies": {
				"@cloudinary-util/util": "2.1.0",
				"@cloudinary/url-gen": "^1.10.1"
			}
		},
		"node_modules/@cloudinary-util/util": {
			"version": "2.1.0",
			"resolved": "https://registry.npmjs.org/@cloudinary-util/util/-/util-2.1.0.tgz",
			"integrity": "sha512-PGjVxyhhOP8IaD6uawXzfDnI8ArPqpiLfIXc8TEjhv3CGhDFBAM3dCT3xeAgg+92sQsx/AN74j+qckdWPfoO6w=="
		},
		"node_modules/@cloudinary/transformation-builder-sdk": {
			"version": "1.7.0",
			"resolved": "https://registry.npmjs.org/@cloudinary/transformation-builder-sdk/-/transformation-builder-sdk-1.7.0.tgz",
			"integrity": "sha512-/FLYApYLTextepNq7R3I+nMkisAVnf+ELU0+M1Zfi4vB64n4pUT7Z4jgTfmDbMhnNsGRitLHTdiRkAoVeApxZw==",
			"dependencies": {
				"@cloudinary/url-gen": "^1.7.0"
			}
		},
		"node_modules/@cloudinary/url-gen": {
			"version": "1.12.0",
			"resolved": "https://registry.npmjs.org/@cloudinary/url-gen/-/url-gen-1.12.0.tgz",
			"integrity": "sha512-L22tftVId19g8irjuHuXOdTCWC8p45ZiejtFeuqmOtwW7nkPH1vHt5MaEvDM4DiljnW0CKZJxE9RNjyxgx1/+w==",
			"dependencies": {
				"@cloudinary/transformation-builder-sdk": "^1.7.0"
			}
		},
		"node_modules/@esbuild/darwin-arm64": {
			"version": "0.18.20",
			"resolved": "https://registry.npmjs.org/@esbuild/darwin-arm64/-/darwin-arm64-0.18.20.tgz",
			"integrity": "sha512-bxRHW5kHU38zS2lPTPOyuyTm+S+eobPUnTNkdJEfAddYgEcll4xkT8DB9d2008DtTbl7uJag2HuE5NZAZgnNEA==",
			"cpu": [
				"arm64"
			],
			"dev": true,
			"optional": true,
			"os": [
				"darwin"
			],
			"engines": {
				"node": ">=12"
			}
		},
		"node_modules/@fastify/busboy": {
			"version": "2.0.0",
			"resolved": "https://registry.npmjs.org/@fastify/busboy/-/busboy-2.0.0.tgz",
			"integrity": "sha512-JUFJad5lv7jxj926GPgymrWQxxjPYuJNiNjNMzqT+HiuP6Vl3dk5xzG+8sTX96np0ZAluvaMzPsjhHZ5rNuNQQ==",
			"dev": true,
			"engines": {
				"node": ">=14"
			}
		},
		"node_modules/@fontsource/poppins": {
			"version": "5.0.8",
			"resolved": "https://registry.npmjs.org/@fontsource/poppins/-/poppins-5.0.8.tgz",
			"integrity": "sha512-P8owfYWluoUY5Nyzk4gT/L6LmLmseP6ezFWhj6VBUa5pRIdnCvNJpoQ6i/vhekjtJOfqX6nKlB+LCttoUl2GQQ==",
			"dev": true
		},
		"node_modules/@jridgewell/gen-mapping": {
			"version": "0.3.3",
			"resolved": "https://registry.npmjs.org/@jridgewell/gen-mapping/-/gen-mapping-0.3.3.tgz",
			"integrity": "sha512-HLhSWOLRi875zjjMG/r+Nv0oCW8umGb0BgEhyX3dDX3egwZtB8PqLnjz3yedt8R5StBrzcg4aBpnh8UA9D1BoQ==",
			"dependencies": {
				"@jridgewell/set-array": "^1.0.1",
				"@jridgewell/sourcemap-codec": "^1.4.10",
				"@jridgewell/trace-mapping": "^0.3.9"
			},
			"engines": {
				"node": ">=6.0.0"
			}
		},
		"node_modules/@jridgewell/resolve-uri": {
			"version": "3.1.1",
			"resolved": "https://registry.npmjs.org/@jridgewell/resolve-uri/-/resolve-uri-3.1.1.tgz",
			"integrity": "sha512-dSYZh7HhCDtCKm4QakX0xFpsRDqjjtZf/kjI/v3T3Nwt5r8/qz/M19F9ySyOqU94SXBmeG9ttTul+YnR4LOxFA==",
			"engines": {
				"node": ">=6.0.0"
			}
		},
		"node_modules/@jridgewell/set-array": {
			"version": "1.1.2",
			"resolved": "https://registry.npmjs.org/@jridgewell/set-array/-/set-array-1.1.2.tgz",
			"integrity": "sha512-xnkseuNADM0gt2bs+BvhO0p78Mk762YnZdsuzFV018NoG1Sj1SCQvpSqa7XUaTam5vAGasABV9qXASMKnFMwMw==",
			"engines": {
				"node": ">=6.0.0"
			}
		},
		"node_modules/@jridgewell/sourcemap-codec": {
			"version": "1.4.15",
			"resolved": "https://registry.npmjs.org/@jridgewell/sourcemap-codec/-/sourcemap-codec-1.4.15.tgz",
			"integrity": "sha512-eF2rxCRulEKXHTRiDrDy6erMYWqNw4LPdQ8UQA4huuxaQsVeRPFl2oM8oDGxMFhJUWZf9McpLtJasDDZb/Bpeg=="
		},
		"node_modules/@jridgewell/trace-mapping": {
			"version": "0.3.20",
			"resolved": "https://registry.npmjs.org/@jridgewell/trace-mapping/-/trace-mapping-0.3.20.tgz",
			"integrity": "sha512-R8LcPeWZol2zR8mmH3JeKQ6QRCFb7XgUhV9ZlGhHLGyg4wpPiPZNQOOWhFZhxKw8u//yTbNGI42Bx/3paXEQ+Q==",
			"dependencies": {
				"@jridgewell/resolve-uri": "^3.1.0",
				"@jridgewell/sourcemap-codec": "^1.4.14"
			}
		},
		"node_modules/@neoconfetti/svelte": {
			"version": "1.0.0",
			"resolved": "https://registry.npmjs.org/@neoconfetti/svelte/-/svelte-1.0.0.tgz",
			"integrity": "sha512-SmksyaJAdSlMa9cTidVSIqYo1qti+WTsviNDwgjNVm+KQ3DRP2Df9umDIzC4vCcpEYY+chQe0i2IKnLw03AT8Q==",
			"dev": true
		},
		"node_modules/@polka/url": {
			"version": "1.0.0-next.23",
			"resolved": "https://registry.npmjs.org/@polka/url/-/url-1.0.0-next.23.tgz",
			"integrity": "sha512-C16M+IYz0rgRhWZdCmK+h58JMv8vijAA61gmz2rspCSwKwzBebpdcsiUmwrtJRdphuY30i6BSLEOP8ppbNLyLg==",
			"dev": true
		},
		"node_modules/@sveltejs/adapter-auto": {
			"version": "2.1.0",
			"resolved": "https://registry.npmjs.org/@sveltejs/adapter-auto/-/adapter-auto-2.1.0.tgz",
			"integrity": "sha512-o2pZCfATFtA/Gw/BB0Xm7k4EYaekXxaPGER3xGSY3FvzFJGTlJlZjBseaXwYSM94lZ0HniOjTokN3cWaLX6fow==",
			"dev": true,
			"dependencies": {
				"import-meta-resolve": "^3.0.0"
			},
			"peerDependencies": {
				"@sveltejs/kit": "^1.0.0"
			}
		},
		"node_modules/@sveltejs/kit": {
			"version": "1.26.0",
			"resolved": "https://registry.npmjs.org/@sveltejs/kit/-/kit-1.26.0.tgz",
			"integrity": "sha512-CV/AlTziC05yrz7UjVqEd0pH6+2dnrbmcnHGr2d3jXtmOgzNnlDkXtX8g3BfJ6nntsPD+0jtS2PzhvRHblRz4A==",
			"dev": true,
			"hasInstallScript": true,
			"dependencies": {
				"@sveltejs/vite-plugin-svelte": "^2.4.1",
				"@types/cookie": "^0.5.1",
				"cookie": "^0.5.0",
				"devalue": "^4.3.1",
				"esm-env": "^1.0.0",
				"kleur": "^4.1.5",
				"magic-string": "^0.30.0",
				"mrmime": "^1.0.1",
				"sade": "^1.8.1",
				"set-cookie-parser": "^2.6.0",
				"sirv": "^2.0.2",
				"tiny-glob": "^0.2.9",
				"undici": "~5.26.2"
			},
			"bin": {
				"svelte-kit": "svelte-kit.js"
			},
			"engines": {
				"node": "^16.14 || >=18"
			},
			"peerDependencies": {
				"svelte": "^3.54.0 || ^4.0.0-next.0",
				"vite": "^4.0.0"
			}
		},
		"node_modules/@sveltejs/vite-plugin-svelte": {
			"version": "2.4.6",
			"resolved": "https://registry.npmjs.org/@sveltejs/vite-plugin-svelte/-/vite-plugin-svelte-2.4.6.tgz",
			"integrity": "sha512-zO79p0+DZnXPnF0ltIigWDx/ux7Ni+HRaFOw720Qeivc1azFUrJxTl0OryXVibYNx1hCboGia1NRV3x8RNv4cA==",
			"dev": true,
			"dependencies": {
				"@sveltejs/vite-plugin-svelte-inspector": "^1.0.4",
				"debug": "^4.3.4",
				"deepmerge": "^4.3.1",
				"kleur": "^4.1.5",
				"magic-string": "^0.30.3",
				"svelte-hmr": "^0.15.3",
				"vitefu": "^0.2.4"
			},
			"engines": {
				"node": "^14.18.0 || >= 16"
			},
			"peerDependencies": {
				"svelte": "^3.54.0 || ^4.0.0",
				"vite": "^4.0.0"
			}
		},
		"node_modules/@sveltejs/vite-plugin-svelte-inspector": {
			"version": "1.0.4",
			"resolved": "https://registry.npmjs.org/@sveltejs/vite-plugin-svelte-inspector/-/vite-plugin-svelte-inspector-1.0.4.tgz",
			"integrity": "sha512-zjiuZ3yydBtwpF3bj0kQNV0YXe+iKE545QGZVTaylW3eAzFr+pJ/cwK8lZEaRp4JtaJXhD5DyWAV4AxLh6DgaQ==",
			"dev": true,
			"dependencies": {
				"debug": "^4.3.4"
			},
			"engines": {
				"node": "^14.18.0 || >= 16"
			},
			"peerDependencies": {
				"@sveltejs/vite-plugin-svelte": "^2.2.0",
				"svelte": "^3.54.0 || ^4.0.0",
				"vite": "^4.0.0"
			}
		},
		"node_modules/@types/cookie": {
			"version": "0.5.3",
			"resolved": "https://registry.npmjs.org/@types/cookie/-/cookie-0.5.3.tgz",
			"integrity": "sha512-SLg07AS9z1Ab2LU+QxzU8RCmzsja80ywjf/t5oqw+4NSH20gIGlhLOrBDm1L3PBWzPa4+wkgFQVZAjE6Ioj2ug==",
			"dev": true
		},
		"node_modules/@types/estree": {
			"version": "1.0.3",
			"resolved": "https://registry.npmjs.org/@types/estree/-/estree-1.0.3.tgz",
			"integrity": "sha512-CS2rOaoQ/eAgAfcTfq6amKG7bsN+EMcgGY4FAFQdvSj2y1ixvOZTUA9mOtCai7E1SYu283XNw7urKK30nP3wkQ=="
		},
		"node_modules/@unpic/core": {
			"version": "0.0.24",
			"resolved": "https://registry.npmjs.org/@unpic/core/-/core-0.0.24.tgz",
			"integrity": "sha512-HFa7ry3iNYfIOkaWGb0N/w1sxt6MAyUfoXXOvjyz50vtomDUbxK4krcRcQWIca64bORQKncxeJbGETRQLF20WQ==",
			"dependencies": {
				"unpic": "^3.6.1"
			}
		},
		"node_modules/@unpic/svelte": {
			"version": "0.0.25",
			"resolved": "https://registry.npmjs.org/@unpic/svelte/-/svelte-0.0.25.tgz",
			"integrity": "sha512-jXyOl9BDfspJ03/kAeozy69eHjLtKIZjsZ4257mz8J/sn5Il3xsRD4vR701NjEC0fkkLQg9Xol+v92o0LGImtw==",
			"dependencies": {
				"@unpic/core": "^0.0.24",
				"style-object-to-css-string": "^1.0.1",
				"unpic": "^3.6.1"
			},
			"peerDependencies": {
				"svelte": "*"
			}
		},
		"node_modules/acorn": {
			"version": "8.10.0",
			"resolved": "https://registry.npmjs.org/acorn/-/acorn-8.10.0.tgz",
			"integrity": "sha512-F0SAmZ8iUtS//m8DmCTA0jlh6TDKkHQyK6xc6V4KDTyZKA9dnvX9/3sRTVQrWm79glUAZbnmmNcdYwUIHWVybw==",
			"bin": {
				"acorn": "bin/acorn"
			},
			"engines": {
				"node": ">=0.4.0"
			}
		},
		"node_modules/aria-query": {
			"version": "5.3.0",
			"resolved": "https://registry.npmjs.org/aria-query/-/aria-query-5.3.0.tgz",
			"integrity": "sha512-b0P0sZPKtyu8HkeRAfCq0IfURZK+SuwMjY1UXGBU27wpAiTwQAIlq56IbIO+ytk/JjS1fMR14ee5WBBfKi5J6A==",
			"dependencies": {
				"dequal": "^2.0.3"
			}
		},
		"node_modules/axobject-query": {
			"version": "3.2.1",
			"resolved": "https://registry.npmjs.org/axobject-query/-/axobject-query-3.2.1.tgz",
			"integrity": "sha512-jsyHu61e6N4Vbz/v18DHwWYKK0bSWLqn47eeDSKPB7m8tqMHF9YJ+mhIk2lVteyZrY8tnSj/jHOv4YiTCuCJgg==",
			"dependencies": {
				"dequal": "^2.0.3"
			}
		},
		"node_modules/cloudinary": {
			"version": "1.41.0",
			"resolved": "https://registry.npmjs.org/cloudinary/-/cloudinary-1.41.0.tgz",
			"integrity": "sha512-qFf2McjvILJITePf4VF1PrY/8c2zy+/q5FVV6V3VWrP/gpIZsusPqXL4QZ6ZKXibPRukzMYqsQEhaSQgJHKKow==",
			"dependencies": {
				"cloudinary-core": "^2.13.0",
				"core-js": "^3.30.1",
				"lodash": "^4.17.21",
				"q": "^1.5.1"
			},
			"engines": {
				"node": ">=0.6"
			}
		},
		"node_modules/cloudinary-core": {
			"version": "2.13.0",
			"resolved": "https://registry.npmjs.org/cloudinary-core/-/cloudinary-core-2.13.0.tgz",
			"integrity": "sha512-Nt0Q5I2FtenmJghtC4YZ3MZZbGg1wLm84SsxcuVwZ83OyJqG9CNIGp86CiI6iDv3QobaqBUpOT7vg+HqY5HxEA==",
			"peerDependencies": {
				"lodash": ">=4.0"
			}
		},
		"node_modules/code-red": {
			"version": "1.0.4",
			"resolved": "https://registry.npmjs.org/code-red/-/code-red-1.0.4.tgz",
			"integrity": "sha512-7qJWqItLA8/VPVlKJlFXU+NBlo/qyfs39aJcuMT/2ere32ZqvF5OSxgdM5xOfJJ7O429gg2HM47y8v9P+9wrNw==",
			"dependencies": {
				"@jridgewell/sourcemap-codec": "^1.4.15",
				"@types/estree": "^1.0.1",
				"acorn": "^8.10.0",
				"estree-walker": "^3.0.3",
				"periscopic": "^3.1.0"
			}
		},
		"node_modules/cookie": {
			"version": "0.5.0",
			"resolved": "https://registry.npmjs.org/cookie/-/cookie-0.5.0.tgz",
			"integrity": "sha512-YZ3GUyn/o8gfKJlnlX7g7xq4gyO6OSuhGPKaaGssGB2qgDUS0gPgtTvoyZLTt9Ab6dC4hfc9dV5arkvc/OCmrw==",
			"dev": true,
			"engines": {
				"node": ">= 0.6"
			}
		},
		"node_modules/core-js": {
			"version": "3.33.1",
			"resolved": "https://registry.npmjs.org/core-js/-/core-js-3.33.1.tgz",
			"integrity": "sha512-qVSq3s+d4+GsqN0teRCJtM6tdEEXyWxjzbhVrCHmBS5ZTM0FS2MOS0D13dUXAWDUN6a+lHI/N1hF9Ytz6iLl9Q==",
			"hasInstallScript": true,
			"funding": {
				"type": "opencollective",
				"url": "https://opencollective.com/core-js"
			}
		},
		"node_modules/css-tree": {
			"version": "2.3.1",
			"resolved": "https://registry.npmjs.org/css-tree/-/css-tree-2.3.1.tgz",
			"integrity": "sha512-6Fv1DV/TYw//QF5IzQdqsNDjx/wc8TrMBZsqjL9eW01tWb7R7k/mq+/VXfJCl7SoD5emsJop9cOByJZfs8hYIw==",
			"dependencies": {
				"mdn-data": "2.0.30",
				"source-map-js": "^1.0.1"
			},
			"engines": {
				"node": "^10 || ^12.20.0 || ^14.13.0 || >=15.0.0"
			}
		},
		"node_modules/debug": {
			"version": "4.3.4",
			"resolved": "https://registry.npmjs.org/debug/-/debug-4.3.4.tgz",
			"integrity": "sha512-PRWFHuSU3eDtQJPvnNY7Jcket1j0t5OuOsFzPPzsekD52Zl8qUfFIPEiswXqIvHWGVHOgX+7G/vCNNhehwxfkQ==",
			"dev": true,
			"dependencies": {
				"ms": "2.1.2"
			},
			"engines": {
				"node": ">=6.0"
			},
			"peerDependenciesMeta": {
				"supports-color": {
					"optional": true
				}
			}
		},
		"node_modules/deepmerge": {
			"version": "4.3.1",
			"resolved": "https://registry.npmjs.org/deepmerge/-/deepmerge-4.3.1.tgz",
			"integrity": "sha512-3sUqbMEc77XqpdNO7FRyRog+eW3ph+GYCbj+rK+uYyRMuwsVy0rMiVtPn+QJlKFvWP/1PYpapqYn0Me2knFn+A==",
			"dev": true,
			"engines": {
				"node": ">=0.10.0"
			}
		},
		"node_modules/dequal": {
			"version": "2.0.3",
			"resolved": "https://registry.npmjs.org/dequal/-/dequal-2.0.3.tgz",
			"integrity": "sha512-0je+qPKHEMohvfRTCEo3CrPG6cAzAYgmzKyxRiYSSDkS6eGJdyVJm7WaYA5ECaAD9wLB2T4EEeymA5aFVcYXCA==",
			"engines": {
				"node": ">=6"
			}
		},
		"node_modules/devalue": {
			"version": "4.3.2",
			"resolved": "https://registry.npmjs.org/devalue/-/devalue-4.3.2.tgz",
			"integrity": "sha512-KqFl6pOgOW+Y6wJgu80rHpo2/3H07vr8ntR9rkkFIRETewbf5GaYYcakYfiKz89K+sLsuPkQIZaXDMjUObZwWg==",
			"dev": true
		},
		"node_modules/esbuild": {
			"version": "0.18.20",
			"resolved": "https://registry.npmjs.org/esbuild/-/esbuild-0.18.20.tgz",
			"integrity": "sha512-ceqxoedUrcayh7Y7ZX6NdbbDzGROiyVBgC4PriJThBKSVPWnnFHZAkfI1lJT8QFkOwH4qOS2SJkS4wvpGl8BpA==",
			"dev": true,
			"hasInstallScript": true,
			"bin": {
				"esbuild": "bin/esbuild"
			},
			"engines": {
				"node": ">=12"
			},
			"optionalDependencies": {
				"@esbuild/android-arm": "0.18.20",
				"@esbuild/android-arm64": "0.18.20",
				"@esbuild/android-x64": "0.18.20",
				"@esbuild/darwin-arm64": "0.18.20",
				"@esbuild/darwin-x64": "0.18.20",
				"@esbuild/freebsd-arm64": "0.18.20",
				"@esbuild/freebsd-x64": "0.18.20",
				"@esbuild/linux-arm": "0.18.20",
				"@esbuild/linux-arm64": "0.18.20",
				"@esbuild/linux-ia32": "0.18.20",
				"@esbuild/linux-loong64": "0.18.20",
				"@esbuild/linux-mips64el": "0.18.20",
				"@esbuild/linux-ppc64": "0.18.20",
				"@esbuild/linux-riscv64": "0.18.20",
				"@esbuild/linux-s390x": "0.18.20",
				"@esbuild/linux-x64": "0.18.20",
				"@esbuild/netbsd-x64": "0.18.20",
				"@esbuild/openbsd-x64": "0.18.20",
				"@esbuild/sunos-x64": "0.18.20",
				"@esbuild/win32-arm64": "0.18.20",
				"@esbuild/win32-ia32": "0.18.20",
				"@esbuild/win32-x64": "0.18.20"
			}
		},
		"node_modules/esm-env": {
			"version": "1.0.0",
			"resolved": "https://registry.npmjs.org/esm-env/-/esm-env-1.0.0.tgz",
			"integrity": "sha512-Cf6VksWPsTuW01vU9Mk/3vRue91Zevka5SjyNf3nEpokFRuqt/KjUQoGAwq9qMmhpLTHmXzSIrFRw8zxWzmFBA==",
			"dev": true
		},
		"node_modules/estree-walker": {
			"version": "3.0.3",
			"resolved": "https://registry.npmjs.org/estree-walker/-/estree-walker-3.0.3.tgz",
			"integrity": "sha512-7RUKfXgSMMkzt6ZuXmqapOurLGPPfgj6l9uRZ7lRGolvk0y2yocc35LdcxKC5PQZdn2DMqioAQ2NoWcrTKmm6g==",
			"dependencies": {
				"@types/estree": "^1.0.0"
			}
		},
		"node_modules/fsevents": {
			"version": "2.3.3",
			"resolved": "https://registry.npmjs.org/fsevents/-/fsevents-2.3.3.tgz",
			"integrity": "sha512-5xoDfX+fL7faATnagmWPpbFtwh/R77WmMMqqHGS65C3vvB0YHrgF+B1YmZ3441tMj5n63k0212XNoJwzlhffQw==",
			"dev": true,
			"hasInstallScript": true,
			"optional": true,
			"os": [
				"darwin"
			],
			"engines": {
				"node": "^8.16.0 || ^10.6.0 || >=11.0.0"
			}
		},
		"node_modules/globalyzer": {
			"version": "0.1.0",
			"resolved": "https://registry.npmjs.org/globalyzer/-/globalyzer-0.1.0.tgz",
			"integrity": "sha512-40oNTM9UfG6aBmuKxk/giHn5nQ8RVz/SS4Ir6zgzOv9/qC3kKZ9v4etGTcJbEl/NyVQH7FGU7d+X1egr57Md2Q==",
			"dev": true
		},
		"node_modules/globrex": {
			"version": "0.1.2",
			"resolved": "https://registry.npmjs.org/globrex/-/globrex-0.1.2.tgz",
			"integrity": "sha512-uHJgbwAMwNFf5mLst7IWLNg14x1CkeqglJb/K3doi4dw6q2IvAAmM/Y81kevy83wP+Sst+nutFTYOGg3d1lsxg==",
			"dev": true
		},
		"node_modules/import-meta-resolve": {
			"version": "3.0.0",
			"resolved": "https://registry.npmjs.org/import-meta-resolve/-/import-meta-resolve-3.0.0.tgz",
			"integrity": "sha512-4IwhLhNNA8yy445rPjD/lWh++7hMDOml2eHtd58eG7h+qK3EryMuuRbsHGPikCoAgIkkDnckKfWSk2iDla/ejg==",
			"dev": true,
			"funding": {
				"type": "github",
				"url": "https://github.com/sponsors/wooorm"
			}
		},
		"node_modules/is-reference": {
			"version": "3.0.2",
			"resolved": "https://registry.npmjs.org/is-reference/-/is-reference-3.0.2.tgz",
			"integrity": "sha512-v3rht/LgVcsdZa3O2Nqs+NMowLOxeOm7Ay9+/ARQ2F+qEoANRcqrjAZKGN0v8ymUetZGgkp26LTnGT7H0Qo9Pg==",
			"dependencies": {
				"@types/estree": "*"
			}
		},
		"node_modules/kleur": {
			"version": "4.1.5",
			"resolved": "https://registry.npmjs.org/kleur/-/kleur-4.1.5.tgz",
			"integrity": "sha512-o+NO+8WrRiQEE4/7nwRJhN1HWpVmJm511pBHUxPLtp0BUISzlBplORYSmTclCnJvQq2tKu/sgl3xVpkc7ZWuQQ==",
			"dev": true,
			"engines": {
				"node": ">=6"
			}
		},
		"node_modules/locate-character": {
			"version": "3.0.0",
			"resolved": "https://registry.npmjs.org/locate-character/-/locate-character-3.0.0.tgz",
			"integrity": "sha512-SW13ws7BjaeJ6p7Q6CO2nchbYEc3X3J6WrmTTDto7yMPqVSZTUyY5Tjbid+Ab8gLnATtygYtiDIJGQRRn2ZOiA=="
		},
		"node_modules/lodash": {
			"version": "4.17.21",
			"resolved": "https://registry.npmjs.org/lodash/-/lodash-4.17.21.tgz",
			"integrity": "sha512-v2kDEe57lecTulaDIuNTPy3Ry4gLGJ6Z1O3vE1krgXZNrsQ+LFTGHVxVjcXPs17LhbZVGedAJv8XZ1tvj5FvSg=="
		},
		"node_modules/magic-string": {
			"version": "0.30.5",
			"resolved": "https://registry.npmjs.org/magic-string/-/magic-string-0.30.5.tgz",
			"integrity": "sha512-7xlpfBaQaP/T6Vh8MO/EqXSW5En6INHEvEXQiuff7Gku0PWjU3uf6w/j9o7O+SpB5fOAkrI5HeoNgwjEO0pFsA==",
			"dependencies": {
				"@jridgewell/sourcemap-codec": "^1.4.15"
			},
			"engines": {
				"node": ">=12"
			}
		},
		"node_modules/mdn-data": {
			"version": "2.0.30",
			"resolved": "https://registry.npmjs.org/mdn-data/-/mdn-data-2.0.30.tgz",
			"integrity": "sha512-GaqWWShW4kv/G9IEucWScBx9G1/vsFZZJUO+tD26M8J8z3Kw5RDQjaoZe03YAClgeS/SWPOcb4nkFBTEi5DUEA=="
		},
		"node_modules/mri": {
			"version": "1.2.0",
			"resolved": "https://registry.npmjs.org/mri/-/mri-1.2.0.tgz",
			"integrity": "sha512-tzzskb3bG8LvYGFF/mDTpq3jpI6Q9wc3LEmBaghu+DdCssd1FakN7Bc0hVNmEyGq1bq3RgfkCb3cmQLpNPOroA==",
			"dev": true,
			"engines": {
				"node": ">=4"
			}
		},
		"node_modules/mrmime": {
			"version": "1.0.1",
			"resolved": "https://registry.npmjs.org/mrmime/-/mrmime-1.0.1.tgz",
			"integrity": "sha512-hzzEagAgDyoU1Q6yg5uI+AorQgdvMCur3FcKf7NhMKWsaYg+RnbTyHRa/9IlLF9rf455MOCtcqqrQQ83pPP7Uw==",
			"dev": true,
			"engines": {
				"node": ">=10"
			}
		},
		"node_modules/ms": {
			"version": "2.1.2",
			"resolved": "https://registry.npmjs.org/ms/-/ms-2.1.2.tgz",
			"integrity": "sha512-sGkPx+VjMtmA6MX27oA4FBFELFCZZ4S4XqeGOXCv68tT+jb3vk/RyaKWP0PTKyWtmLSM0b+adUTEvbs1PEaH2w==",
			"dev": true
		},
		"node_modules/nanoid": {
			"version": "3.3.6",
			"resolved": "https://registry.npmjs.org/nanoid/-/nanoid-3.3.6.tgz",
			"integrity": "sha512-BGcqMMJuToF7i1rt+2PWSNVnWIkGCU78jBG3RxO/bZlnZPK2Cmi2QaffxGO/2RvWi9sL+FAiRiXMgsyxQ1DIDA==",
			"dev": true,
			"funding": [
				{
					"type": "github",
					"url": "https://github.com/sponsors/ai"
				}
			],
			"bin": {
				"nanoid": "bin/nanoid.cjs"
			},
			"engines": {
				"node": "^10 || ^12 || ^13.7 || ^14 || >=15.0.1"
			}
		},
		"node_modules/periscopic": {
			"version": "3.1.0",
			"resolved": "https://registry.npmjs.org/periscopic/-/periscopic-3.1.0.tgz",
			"integrity": "sha512-vKiQ8RRtkl9P+r/+oefh25C3fhybptkHKCZSPlcXiJux2tJF55GnEj3BVn4A5gKfq9NWWXXrxkHBwVPUfH0opw==",
			"dependencies": {
				"@types/estree": "^1.0.0",
				"estree-walker": "^3.0.0",
				"is-reference": "^3.0.0"
			}
		},
		"node_modules/picocolors": {
			"version": "1.0.0",
			"resolved": "https://registry.npmjs.org/picocolors/-/picocolors-1.0.0.tgz",
			"integrity": "sha512-1fygroTLlHu66zi26VoTDv8yRgm0Fccecssto+MhsZ0D/DGW2sm8E8AjW7NU5VVTRt5GxbeZ5qBuJr+HyLYkjQ==",
			"dev": true
		},
		"node_modules/postcss": {
			"version": "8.4.31",
			"resolved": "https://registry.npmjs.org/postcss/-/postcss-8.4.31.tgz",
			"integrity": "sha512-PS08Iboia9mts/2ygV3eLpY5ghnUcfLV/EXTOW1E2qYxJKGGBUtNjN76FYHnMs36RmARn41bC0AZmn+rR0OVpQ==",
			"dev": true,
			"funding": [
				{
					"type": "opencollective",
					"url": "https://opencollective.com/postcss/"
				},
				{
					"type": "tidelift",
					"url": "https://tidelift.com/funding/github/npm/postcss"
				},
				{
					"type": "github",
					"url": "https://github.com/sponsors/ai"
				}
			],
			"dependencies": {
				"nanoid": "^3.3.6",
				"picocolors": "^1.0.0",
				"source-map-js": "^1.0.2"
			},
			"engines": {
				"node": "^10 || ^12 || >=14"
			}
		},
		"node_modules/q": {
			"version": "1.5.1",
			"resolved": "https://registry.npmjs.org/q/-/q-1.5.1.tgz",
			"integrity": "sha512-kV/CThkXo6xyFEZUugw/+pIOywXcDbFYgSct5cT3gqlbkBE1SJdwy6UQoZvodiWF/ckQLZyDE/Bu1M6gVu5lVw==",
			"engines": {
				"node": ">=0.6.0",
				"teleport": ">=0.2.0"
			}
		},
		"node_modules/rollup": {
			"version": "3.29.4",
			"resolved": "https://registry.npmjs.org/rollup/-/rollup-3.29.4.tgz",
			"integrity": "sha512-oWzmBZwvYrU0iJHtDmhsm662rC15FRXmcjCk1xD771dFDx5jJ02ufAQQTn0etB2emNk4J9EZg/yWKpsn9BWGRw==",
			"dev": true,
			"bin": {
				"rollup": "dist/bin/rollup"
			},
			"engines": {
				"node": ">=14.18.0",
				"npm": ">=8.0.0"
			},
			"optionalDependencies": {
				"fsevents": "~2.3.2"
			}
		},
		"node_modules/sade": {
			"version": "1.8.1",
			"resolved": "https://registry.npmjs.org/sade/-/sade-1.8.1.tgz",
			"integrity": "sha512-xal3CZX1Xlo/k4ApwCFrHVACi9fBqJ7V+mwhBsuf/1IOKbBy098Fex+Wa/5QMubw09pSZ/u8EY8PWgevJsXp1A==",
			"dev": true,
			"dependencies": {
				"mri": "^1.1.0"
			},
			"engines": {
				"node": ">=6"
			}
		},
		"node_modules/set-cookie-parser": {
			"version": "2.6.0",
			"resolved": "https://registry.npmjs.org/set-cookie-parser/-/set-cookie-parser-2.6.0.tgz",
			"integrity": "sha512-RVnVQxTXuerk653XfuliOxBP81Sf0+qfQE73LIYKcyMYHG94AuH0kgrQpRDuTZnSmjpysHmzxJXKNfa6PjFhyQ==",
			"dev": true
		},
		"node_modules/sirv": {
			"version": "2.0.3",
			"resolved": "https://registry.npmjs.org/sirv/-/sirv-2.0.3.tgz",
			"integrity": "sha512-O9jm9BsID1P+0HOi81VpXPoDxYP374pkOLzACAoyUQ/3OUVndNpsz6wMnY2z+yOxzbllCKZrM+9QrWsv4THnyA==",
			"dev": true,
			"dependencies": {
				"@polka/url": "^1.0.0-next.20",
				"mrmime": "^1.0.0",
				"totalist": "^3.0.0"
			},
			"engines": {
				"node": ">= 10"
			}
		},
		"node_modules/source-map-js": {
			"version": "1.0.2",
			"resolved": "https://registry.npmjs.org/source-map-js/-/source-map-js-1.0.2.tgz",
			"integrity": "sha512-R0XvVJ9WusLiqTCEiGCmICCMplcCkIwwR11mOSD9CR5u+IXYdiseeEuXCVAjS54zqwkLcPNnmU4OeJ6tUrWhDw==",
			"engines": {
				"node": ">=0.10.0"
			}
		},
		"node_modules/style-object-to-css-string": {
			"version": "1.0.1",
			"resolved": "https://registry.npmjs.org/style-object-to-css-string/-/style-object-to-css-string-1.0.1.tgz",
			"integrity": "sha512-ci7tySCofUqq86WziXoEsIE/aGZ2rkw7mmz6Afklhbmk7i05Z1d8hSUaJMUWUOJPbsvK+7TW5ulklZm55/S44Q=="
		},
		"node_modules/svelte": {
			"version": "4.2.2",
			"resolved": "https://registry.npmjs.org/svelte/-/svelte-4.2.2.tgz",
			"integrity": "sha512-My2tytF2e2NnHSpn2M7/3VdXT4JdTglYVUuSuK/mXL2XtulPYbeBfl8Dm1QiaKRn0zoULRnL+EtfZHHP0k4H3A==",
			"dependencies": {
				"@ampproject/remapping": "^2.2.1",
				"@jridgewell/sourcemap-codec": "^1.4.15",
				"@jridgewell/trace-mapping": "^0.3.18",
				"acorn": "^8.9.0",
				"aria-query": "^5.3.0",
				"axobject-query": "^3.2.1",
				"code-red": "^1.0.3",
				"css-tree": "^2.3.1",
				"estree-walker": "^3.0.3",
				"is-reference": "^3.0.1",
				"locate-character": "^3.0.0",
				"magic-string": "^0.30.4",
				"periscopic": "^3.1.0"
			},
			"engines": {
				"node": ">=16"
			}
		},
		"node_modules/svelte-cloudinary": {
			"version": "1.1.1",
			"resolved": "https://registry.npmjs.org/svelte-cloudinary/-/svelte-cloudinary-1.1.1.tgz",
			"integrity": "sha512-ZPSA0fbKQfw6g8ougYTKIpGfWxY1uUvTAv85lBaMm1riao2JUmarAPf7Lu2QFXfqSfatgLv/kQfqho5GCdK3fg==",
			"dependencies": {
				"@cloudinary-util/url-loader": "3.9.0",
				"@cloudinary-util/util": "2.1.0",
				"@unpic/core": "0.0.24",
				"@unpic/svelte": "0.0.25",
				"cloudinary": "^1.32.0"
			},
			"peerDependencies": {
				"svelte": "^3.0.0 || ^4.0.0"
			}
		},
		"node_modules/svelte-hmr": {
			"version": "0.15.3",
			"resolved": "https://registry.npmjs.org/svelte-hmr/-/svelte-hmr-0.15.3.tgz",
			"integrity": "sha512-41snaPswvSf8TJUhlkoJBekRrABDXDMdpNpT2tfHIv4JuhgvHqLMhEPGtaQn0BmbNSTkuz2Ed20DF2eHw0SmBQ==",
			"dev": true,
			"engines": {
				"node": "^12.20 || ^14.13.1 || >= 16"
			},
			"peerDependencies": {
				"svelte": "^3.19.0 || ^4.0.0"
			}
		},
		"node_modules/tiny-glob": {
			"version": "0.2.9",
			"resolved": "https://registry.npmjs.org/tiny-glob/-/tiny-glob-0.2.9.tgz",
			"integrity": "sha512-g/55ssRPUjShh+xkfx9UPDXqhckHEsHr4Vd9zX55oSdGZc/MD0m3sferOkwWtp98bv+kcVfEHtRJgBVJzelrzg==",
			"dev": true,
			"dependencies": {
				"globalyzer": "0.1.0",
				"globrex": "^0.1.2"
			}
		},
		"node_modules/totalist": {
			"version": "3.0.1",
			"resolved": "https://registry.npmjs.org/totalist/-/totalist-3.0.1.tgz",
			"integrity": "sha512-sf4i37nQ2LBx4m3wB74y+ubopq6W/dIzXg0FDGjsYnZHVa1Da8FH853wlL2gtUhg+xJXjfk3kUZS3BRoQeoQBQ==",
			"dev": true,
			"engines": {
				"node": ">=6"
			}
		},
		"node_modules/undici": {
			"version": "5.26.4",
			"resolved": "https://registry.npmjs.org/undici/-/undici-5.26.4.tgz",
			"integrity": "sha512-OG+QOf0fTLtazL9P9X7yqWxQ+Z0395Wk6DSkyTxtaq3wQEjIroVe7Y4asCX/vcCxYpNGMnwz8F0qbRYUoaQVMw==",
			"dev": true,
			"dependencies": {
				"@fastify/busboy": "^2.0.0"
			},
			"engines": {
				"node": ">=14.0"
			}
		},
		"node_modules/unpic": {
			"version": "3.10.1",
			"resolved": "https://registry.npmjs.org/unpic/-/unpic-3.10.1.tgz",
			"integrity": "sha512-7mmLrd6RWdt2Sp015Fgf80oKBmHIEwIDXBQJIImJ/Mj/XaDrOlzX/CWmiRoXOXYj9bLNq0MryOxosMmNXrBOGA=="
		},
		"node_modules/vite": {
			"version": "4.5.0",
			"resolved": "https://registry.npmjs.org/vite/-/vite-4.5.0.tgz",
			"integrity": "sha512-ulr8rNLA6rkyFAlVWw2q5YJ91v098AFQ2R0PRFwPzREXOUJQPtFUG0t+/ZikhaOCDqFoDhN6/v8Sq0o4araFAw==",
			"dev": true,
			"dependencies": {
				"esbuild": "^0.18.10",
				"postcss": "^8.4.27",
				"rollup": "^3.27.1"
			},
			"bin": {
				"vite": "bin/vite.js"
			},
			"engines": {
				"node": "^14.18.0 || >=16.0.0"
			},
			"funding": {
				"url": "https://github.com/vitejs/vite?sponsor=1"
			},
			"optionalDependencies": {
				"fsevents": "~2.3.2"
			},
			"peerDependencies": {
				"@types/node": ">= 14",
				"less": "*",
				"lightningcss": "^1.21.0",
				"sass": "*",
				"stylus": "*",
				"sugarss": "*",
				"terser": "^5.4.0"
			},
			"peerDependenciesMeta": {
				"@types/node": {
					"optional": true
				},
				"less": {
					"optional": true
				},
				"lightningcss": {
					"optional": true
				},
				"sass": {
					"optional": true
				},
				"stylus": {
					"optional": true
				},
				"sugarss": {
					"optional": true
				},
				"terser": {
					"optional": true
				}
			}
		},
		"node_modules/vitefu": {
			"version": "0.2.5",
			"resolved": "https://registry.npmjs.org/vitefu/-/vitefu-0.2.5.tgz",
			"integrity": "sha512-SgHtMLoqaeeGnd2evZ849ZbACbnwQCIwRH57t18FxcXoZop0uQu0uzlIhJBlF/eWVzuce0sHeqPcDo+evVcg8Q==",
			"dev": true,
			"peerDependencies": {
				"vite": "^3.0.0 || ^4.0.0 || ^5.0.0"
			},
			"peerDependenciesMeta": {
				"vite": {
					"optional": true
				}
			}
		}
	}
}
