
Microsoft Visual Studio Solution File, Format Version 12.00
# Visual Studio Version 17
VisualStudioVersion = 17.5.002.0
MinimumVisualStudioVersion = 10.0.40219.1
Project("{2150E333-8FDC-42A3-9474-1A3956D46DE8}") = "examples", "examples", "{3B839D87-B245-4F2C-AD0A-F87154E0349D}"
EndProject 
Project("{9A19103F-16F7-4668-BE54-9A1E7A4F7556}") = "dotnet-image-upload", "examples\dotnet-image-upload\dotnet-image-upload.csproj", "{51E7FEB4-CE2C-4A83-9AF5-4ED513217D25}"
EndProject
Project("{9A19103F-16F7-4668-BE54-9A1E7A4F7556}") = "dotnet-video-upload", "examples\dotnet-video-upload\dotnet-video-upload.csproj", "{F36865F9-2E99-4903-AAB7-E0B43E9E6350}"
EndProject
Global
	GlobalSection(SolutionConfigurationPlatforms) = preSolution
		Debug|Any CPU = Debug|Any CPU
		Release|Any CPU = Release|Any CPU
	EndGlobalSection
	GlobalSection(ProjectConfigurationPlatforms) = postSolution
		{51E7FEB4-CE2C-4A83-9AF5-4ED513217D25}.Debug|Any CPU.ActiveCfg = Debug|Any CPU
		{51E7FEB4-CE2C-4A83-9AF5-4ED513217D25}.Debug|Any CPU.Build.0 = Debug|Any CPU
		{51E7FEB4-CE2C-4A83-9AF5-4ED513217D25}.Release|Any CPU.ActiveCfg = Release|Any CPU
		{51E7FEB4-CE2C-4A83-9AF5-4ED513217D25}.Release|Any CPU.Build.0 = Release|Any CPU
		{F36865F9-2E99-4903-AAB7-E0B43E9E6350}.Debug|Any CPU.ActiveCfg = Debug|Any CPU
		{F36865F9-2E99-4903-AAB7-E0B43E9E6350}.Debug|Any CPU.Build.0 = Debug|Any CPU
		{F36865F9-2E99-4903-AAB7-E0B43E9E6350}.Release|Any CPU.ActiveCfg = Release|Any CPU
		{F36865F9-2E99-4903-AAB7-E0B43E9E6350}.Release|Any CPU.Build.0 = Release|Any CPU
	EndGlobalSection
	GlobalSection(SolutionProperties) = preSolution
		HideSolutionNode = FALSE
	EndGlobalSection
	GlobalSection(NestedProjects) = preSolution
		{51E7FEB4-CE2C-4A83-9AF5-4ED513217D25} = {3B839D87-B245-4F2C-AD0A-F87154E0349D}
		{F36865F9-2E99-4903-AAB7-E0B43E9E6350} = {3B839D87-B245-4F2C-AD0A-F87154E0349D}
	EndGlobalSection
	GlobalSection(ExtensibilityGlobals) = postSolution
		SolutionGuid = {D1AA52BF-2D7F-4ECD-9F04-7434F68DFC1E}
	EndGlobalSection
EndGlobal
