
Microsoft Visual Studio Solution File, Format Version 12.00
# Visual Studio Version 17
VisualStudioVersion = 17.5.002.0
MinimumVisualStudioVersion = 10.0.40219.1
Project("{9A19103F-16F7-4668-BE54-9A1E7A4F7556}") = "dotnet-image-upload", "dotnet-image-upload\dotnet-image-upload.csproj", "{0CAFB93E-BC07-4AA1-873D-DA40B93459F4}"
EndProject
Project("{9A19103F-16F7-4668-BE54-9A1E7A4F7556}") = "dotnet-video-upload", "dotnet-video-upload\dotnet-video-upload.csproj", "{8D8C29B4-8319-4C1B-B0E3-842E00711788}"
EndProject
Global
	GlobalSection(SolutionConfigurationPlatforms) = preSolution
		Debug|Any CPU = Debug|Any CPU
		Release|Any CPU = Release|Any CPU
	EndGlobalSection
	GlobalSection(ProjectConfigurationPlatforms) = postSolution
		{0CAFB93E-BC07-4AA1-873D-DA40B93459F4}.Debug|Any CPU.ActiveCfg = Debug|Any CPU
		{0CAFB93E-BC07-4AA1-873D-DA40B93459F4}.Debug|Any CPU.Build.0 = Debug|Any CPU
		{0CAFB93E-BC07-4AA1-873D-DA40B93459F4}.Release|Any CPU.ActiveCfg = Release|Any CPU
		{0CAFB93E-BC07-4AA1-873D-DA40B93459F4}.Release|Any CPU.Build.0 = Release|Any CPU
		{8D8C29B4-8319-4C1B-B0E3-842E00711788}.Debug|Any CPU.ActiveCfg = Debug|Any CPU
		{8D8C29B4-8319-4C1B-B0E3-842E00711788}.Debug|Any CPU.Build.0 = Debug|Any CPU
		{8D8C29B4-8319-4C1B-B0E3-842E00711788}.Release|Any CPU.ActiveCfg = Release|Any CPU
		{8D8C29B4-8319-4C1B-B0E3-842E00711788}.Release|Any CPU.Build.0 = Release|Any CPU
	EndGlobalSection
	GlobalSection(SolutionProperties) = preSolution
		HideSolutionNode = FALSE
	EndGlobalSection
	GlobalSection(ExtensibilityGlobals) = postSolution
		SolutionGuid = {0B47253F-A1A1-400D-8679-7F76A1270734}
	EndGlobalSection
EndGlobal
